
Microsoft Visual Studio Solution File, Format Version 12.00
# Visual Studio Version 17
VisualStudioVersion = 17.13.35828.75 d17.13
MinimumVisualStudioVersion = 10.0.40219.1
Project("{FAE04EC0-301F-11D3-BF4B-00C04F79EFBC}") = "ClothingStore.Presentation", "ClothingStore.Presentation.Layter\ClothingStore.Presentation.csproj", "{9BF0D7DF-CB5A-401C-9218-352FE3F91A44}"
EndProject
Project("{FAE04EC0-301F-11D3-BF4B-00C04F79EFBC}") = "ClothingStore.DataAccess", "ClothingStore.DataAccess\ClothingStore.DataAccess.csproj", "{4AAA1EA2-FF09-46EC-B5E2-7AF944A30FEF}"
EndProject
Project("{FAE04EC0-301F-11D3-BF4B-00C04F79EFBC}") = "ClothingStore.BusinessLogic", "ClothingStore.BusinessLogic\ClothingStore.BusinessLogic.csproj", "{DD8BF89B-DFD3-4D55-B29F-D62575486D5B}"
EndProject
Project("{FAE04EC0-301F-11D3-BF4B-00C04F79EFBC}") = "ClothingStore.Domain", "ClothingStore.Domain\ClothingStore.Domain.csproj", "{42721194-3FE2-48DF-8A01-2A7B0FB1785D}"
EndProject
Global
	GlobalSection(SolutionConfigurationPlatforms) = preSolution
		Debug|Any CPU = Debug|Any CPU
		Release|Any CPU = Release|Any CPU
	EndGlobalSection
	GlobalSection(ProjectConfigurationPlatforms) = postSolution
		{9BF0D7DF-CB5A-401C-9218-352FE3F91A44}.Debug|Any CPU.ActiveCfg = Debug|Any CPU
		{9BF0D7DF-CB5A-401C-9218-352FE3F91A44}.Debug|Any CPU.Build.0 = Debug|Any CPU
		{9BF0D7DF-CB5A-401C-9218-352FE3F91A44}.Release|Any CPU.ActiveCfg = Release|Any CPU
		{9BF0D7DF-CB5A-401C-9218-352FE3F91A44}.Release|Any CPU.Build.0 = Release|Any CPU
		{4AAA1EA2-FF09-46EC-B5E2-7AF944A30FEF}.Debug|Any CPU.ActiveCfg = Debug|Any CPU
		{4AAA1EA2-FF09-46EC-B5E2-7AF944A30FEF}.Debug|Any CPU.Build.0 = Debug|Any CPU
		{4AAA1EA2-FF09-46EC-B5E2-7AF944A30FEF}.Release|Any CPU.ActiveCfg = Release|Any CPU
		{4AAA1EA2-FF09-46EC-B5E2-7AF944A30FEF}.Release|Any CPU.Build.0 = Release|Any CPU
		{DD8BF89B-DFD3-4D55-B29F-D62575486D5B}.Debug|Any CPU.ActiveCfg = Debug|Any CPU
		{DD8BF89B-DFD3-4D55-B29F-D62575486D5B}.Debug|Any CPU.Build.0 = Debug|Any CPU
		{DD8BF89B-DFD3-4D55-B29F-D62575486D5B}.Release|Any CPU.ActiveCfg = Release|Any CPU
		{DD8BF89B-DFD3-4D55-B29F-D62575486D5B}.Release|Any CPU.Build.0 = Release|Any CPU
		{42721194-3FE2-48DF-8A01-2A7B0FB1785D}.Debug|Any CPU.ActiveCfg = Debug|Any CPU
		{42721194-3FE2-48DF-8A01-2A7B0FB1785D}.Debug|Any CPU.Build.0 = Debug|Any CPU
		{42721194-3FE2-48DF-8A01-2A7B0FB1785D}.Release|Any CPU.ActiveCfg = Release|Any CPU
		{42721194-3FE2-48DF-8A01-2A7B0FB1785D}.Release|Any CPU.Build.0 = Release|Any CPU
	EndGlobalSection
	GlobalSection(SolutionProperties) = preSolution
		HideSolutionNode = FALSE
	EndGlobalSection
	GlobalSection(ExtensibilityGlobals) = postSolution
		SolutionGuid = {D48E73FD-F3CA-4E8E-92A6-7A138EAD61DB}
	EndGlobalSection
EndGlobal
